
Microsoft Visual Studio Solution File, Format Version 12.00
# Visual Studio Version 17
VisualStudioVersion = 17.5.002.0
MinimumVisualStudioVersion = 10.0.40219.1
Project("{9A19103F-16F7-4668-BE54-9A1E7A4F7556}") = "IdsAudit", "IdsAudit\IdsAudit.csproj", "{FA7173E9-FDE2-40B5-99BF-63A0CEF8B7A0}"
EndProject
Project("{FAE04EC0-301F-11D3-BF4B-00C04F79EFBC}") = "ConsoleIdsAudit", "ConsoleIdsAudit\ConsoleIdsAudit.csproj", "{9C1614D6-FFF4-4C91-BFF1-287D3EE544F8}"
EndProject
Global
	GlobalSection(SolutionConfigurationPlatforms) = preSolution
		Debug|Any CPU = Debug|Any CPU
		Release|Any CPU = Release|Any CPU
	EndGlobalSection
	GlobalSection(ProjectConfigurationPlatforms) = postSolution
		{FA7173E9-FDE2-40B5-99BF-63A0CEF8B7A0}.Debug|Any CPU.ActiveCfg = Debug|Any CPU
		{FA7173E9-FDE2-40B5-99BF-63A0CEF8B7A0}.Debug|Any CPU.Build.0 = Debug|Any CPU
		{FA7173E9-FDE2-40B5-99BF-63A0CEF8B7A0}.Release|Any CPU.ActiveCfg = Release|Any CPU
		{FA7173E9-FDE2-40B5-99BF-63A0CEF8B7A0}.Release|Any CPU.Build.0 = Release|Any CPU
		{9C1614D6-FFF4-4C91-BFF1-287D3EE544F8}.Debug|Any CPU.ActiveCfg = Debug|Any CPU
		{9C1614D6-FFF4-4C91-BFF1-287D3EE544F8}.Debug|Any CPU.Build.0 = Debug|Any CPU
		{9C1614D6-FFF4-4C91-BFF1-287D3EE544F8}.Release|Any CPU.ActiveCfg = Release|Any CPU
		{9C1614D6-FFF4-4C91-BFF1-287D3EE544F8}.Release|Any CPU.Build.0 = Release|Any CPU
	EndGlobalSection
	GlobalSection(SolutionProperties) = preSolution
		HideSolutionNode = FALSE
	EndGlobalSection
	GlobalSection(ExtensibilityGlobals) = postSolution
		SolutionGuid = {F420E520-BD3B-4E02-B504-74FB3EF728A2}
	EndGlobalSection
EndGlobal
